
Microsoft Visual Studio Solution File, Format Version 12.00
# Visual Studio Version 17
VisualStudioVersion = 17.6.33723.286
MinimumVisualStudioVersion = 10.0.40219.1
Project("{9A19103F-16F7-4668-BE54-9A1E7A4F7556}") = "TaskManagement", "TaskManagement\TaskManagement.csproj", "{7FE953B5-443F-41CA-A460-AEEA5B4973CB}"
EndProject
Project("{9A19103F-16F7-4668-BE54-9A1E7A4F7556}") = "TaskManagement.Database", "TaskManagement.Database\TaskManagement.Database.csproj", "{128F1CA0-834F-4AE1-AE0A-4246881ADA3D}"
EndProject
Project("{9A19103F-16F7-4668-BE54-9A1E7A4F7556}") = "TaskManagement.UnitTests", "TaskManagement.UnitTests\TaskManagement.UnitTests.csproj", "{7DF8388A-D8FB-414A-BC8B-D893ABE03BEE}"
EndProject
Global
	GlobalSection(SolutionConfigurationPlatforms) = preSolution
		Debug|Any CPU = Debug|Any CPU
		Release|Any CPU = Release|Any CPU
	EndGlobalSection
	GlobalSection(ProjectConfigurationPlatforms) = postSolution
		{7FE953B5-443F-41CA-A460-AEEA5B4973CB}.Debug|Any CPU.ActiveCfg = Debug|Any CPU
		{7FE953B5-443F-41CA-A460-AEEA5B4973CB}.Debug|Any CPU.Build.0 = Debug|Any CPU
		{7FE953B5-443F-41CA-A460-AEEA5B4973CB}.Release|Any CPU.ActiveCfg = Release|Any CPU
		{7FE953B5-443F-41CA-A460-AEEA5B4973CB}.Release|Any CPU.Build.0 = Release|Any CPU
		{128F1CA0-834F-4AE1-AE0A-4246881ADA3D}.Debug|Any CPU.ActiveCfg = Debug|Any CPU
		{128F1CA0-834F-4AE1-AE0A-4246881ADA3D}.Debug|Any CPU.Build.0 = Debug|Any CPU
		{128F1CA0-834F-4AE1-AE0A-4246881ADA3D}.Release|Any CPU.ActiveCfg = Release|Any CPU
		{128F1CA0-834F-4AE1-AE0A-4246881ADA3D}.Release|Any CPU.Build.0 = Release|Any CPU
		{7DF8388A-D8FB-414A-BC8B-D893ABE03BEE}.Debug|Any CPU.ActiveCfg = Debug|Any CPU
		{7DF8388A-D8FB-414A-BC8B-D893ABE03BEE}.Debug|Any CPU.Build.0 = Debug|Any CPU
		{7DF8388A-D8FB-414A-BC8B-D893ABE03BEE}.Release|Any CPU.ActiveCfg = Release|Any CPU
		{7DF8388A-D8FB-414A-BC8B-D893ABE03BEE}.Release|Any CPU.Build.0 = Release|Any CPU
	EndGlobalSection
	GlobalSection(SolutionProperties) = preSolution
		HideSolutionNode = FALSE
	EndGlobalSection
	GlobalSection(ExtensibilityGlobals) = postSolution
		SolutionGuid = {12791599-320E-4D7E-AB5A-D20022850E7A}
	EndGlobalSection
EndGlobal
